
Microsoft Visual Studio Solution File, Format Version 12.00
# Visual Studio Version 16
VisualStudioVersion = 16.0.31129.286
MinimumVisualStudioVersion = 10.0.40219.1
Project("{FAE04EC0-301F-11D3-BF4B-00C04F79EFBC}") = "testApp", "testApp\testApp.csproj", "{EB51F534-C873-441C-A0A7-1504B520908D}"
EndProject
Global
	GlobalSection(SolutionConfigurationPlatforms) = preSolution
		Debug|Any CPU = Debug|Any CPU
		Release|Any CPU = Release|Any CPU
	EndGlobalSection
	GlobalSection(ProjectConfigurationPlatforms) = postSolution
		{EB51F534-C873-441C-A0A7-1504B520908D}.Debug|Any CPU.ActiveCfg = Debug|Any CPU
		{EB51F534-C873-441C-A0A7-1504B520908D}.Debug|Any CPU.Build.0 = Debug|Any CPU
		{EB51F534-C873-441C-A0A7-1504B520908D}.Release|Any CPU.ActiveCfg = Release|Any CPU
		{EB51F534-C873-441C-A0A7-1504B520908D}.Release|Any CPU.Build.0 = Release|Any CPU
	EndGlobalSection
	GlobalSection(SolutionProperties) = preSolution
		HideSolutionNode = FALSE
	EndGlobalSection
	GlobalSection(ExtensibilityGlobals) = postSolution
		SolutionGuid = {4A1ED110-C92D-41B0-BDE8-9E42D1D9E944}
	EndGlobalSection
EndGlobal
